// !$*UTF8*$!
{
	archiveVersion = 1;
	classes = {
	};
	objectVersion = 56;
	objects = {

/* Begin PBXBuildFile section */
		A9E476FC2BE7189600592DF3 /* iShopApp.swift in Sources */ = {isa = PBXBuildFile; fileRef = A9E476FB2BE7189600592DF3 /* iShopApp.swift */; };
		A9E476FE2BE7189600592DF3 /* ContentView.swift in Sources */ = {isa = PBXBuildFile; fileRef = A9E476FD2BE7189600592DF3 /* ContentView.swift */; };
		A9E477002BE7189700592DF3 /* Assets.xcassets in Resources */ = {isa = PBXBuildFile; fileRef = A9E476FF2BE7189700592DF3 /* Assets.xcassets */; };
		A9E477032BE7189700592DF3 /* Preview Assets.xcassets in Resources */ = {isa = PBXBuildFile; fileRef = A9E477022BE7189700592DF3 /* Preview Assets.xcassets */; };
		A9E4770D2BE7189700592DF3 /* iShopTests.swift in Sources */ = {isa = PBXBuildFile; fileRef = A9E4770C2BE7189700592DF3 /* iShopTests.swift */; };
		A9E477172BE7189700592DF3 /* iShopUITests.swift in Sources */ = {isa = PBXBuildFile; fileRef = A9E477162BE7189700592DF3 /* iShopUITests.swift */; };
		A9E477192BE7189700592DF3 /* iShopUITestsLaunchTests.swift in Sources */ = {isa = PBXBuildFile; fileRef = A9E477182BE7189700592DF3 /* iShopUITestsLaunchTests.swift */; };
/* End PBXBuildFile section */

/* Begin PBXContainerItemProxy section */
		A9E477092BE7189700592DF3 /* PBXContainerItemProxy */ = {
			isa = PBXContainerItemProxy;
			containerPortal = A9E476F02BE7189600592DF3 /* Project object */;
			proxyType = 1;
			remoteGlobalIDString = A9E476F72BE7189600592DF3;
			remoteInfo = iShop;
		};
		A9E477132BE7189700592DF3 /* PBXContainerItemProxy */ = {
			isa = PBXContainerItemProxy;
			containerPortal = A9E476F02BE7189600592DF3 /* Project object */;
			proxyType = 1;
			remoteGlobalIDString = A9E476F72BE7189600592DF3;
			remoteInfo = iShop;
		};
/* End PBXContainerItemProxy section */

/* Begin PBXFileReference section */
		A9E476F82BE7189600592DF3 /* iShop.app */ = {isa = PBXFileReference; explicitFileType = wrapper.application; includeInIndex = 0; path = iShop.app; sourceTree = BUILT_PRODUCTS_DIR; };
		A9E476FB2BE7189600592DF3 /* iShopApp.swift */ = {isa = PBXFileReference; lastKnownFileType = sourcecode.swift; path = iShopApp.swift; sourceTree = "<group>"; };
		A9E476FD2BE7189600592DF3 /* ContentView.swift */ = {isa = PBXFileReference; lastKnownFileType = sourcecode.swift; path = ContentView.swift; sourceTree = "<group>"; };
		A9E476FF2BE7189700592DF3 /* Assets.xcassets */ = {isa = PBXFileReference; lastKnownFileType = folder.assetcatalog; path = Assets.xcassets; sourceTree = "<group>"; };
		A9E477022BE7189700592DF3 /* Preview Assets.xcassets */ = {isa = PBXFileReference; lastKnownFileType = folder.assetcatalog; path = "Preview Assets.xcassets"; sourceTree = "<group>"; };
		A9E477082BE7189700592DF3 /* iShopTests.xctest */ = {isa = PBXFileReference; explicitFileType = wrapper.cfbundle; includeInIndex = 0; path = iShopTests.xctest; sourceTree = BUILT_PRODUCTS_DIR; };
		A9E4770C2BE7189700592DF3 /* iShopTests.swift */ = {isa = PBXFileReference; lastKnownFileType = sourcecode.swift; path = iShopTests.swift; sourceTree = "<group>"; };
		A9E477122BE7189700592DF3 /* iShopUITests.xctest */ = {isa = PBXFileReference; explicitFileType = wrapper.cfbundle; includeInIndex = 0; path = iShopUITests.xctest; sourceTree = BUILT_PRODUCTS_DIR; };
		A9E477162BE7189700592DF3 /* iShopUITests.swift */ = {isa = PBXFileReference; lastKnownFileType = sourcecode.swift; path = iShopUITests.swift; sourceTree = "<group>"; };
		A9E477182BE7189700592DF3 /* iShopUITestsLaunchTests.swift */ = {isa = PBXFileReference; lastKnownFileType = sourcecode.swift; path = iShopUITestsLaunchTests.swift; sourceTree = "<group>"; };
/* End PBXFileReference section */

/* Begin PBXFrameworksBuildPhase section */
		A9E476F52BE7189600592DF3 /* Frameworks */ = {
			isa = PBXFrameworksBuildPhase;
			buildActionMask = 2147483647;
			files = (
			);
			runOnlyForDeploymentPostprocessing = 0;
		};
		A9E477052BE7189700592DF3 /* Frameworks */ = {
			isa = PBXFrameworksBuildPhase;
			buildActionMask = 2147483647;
			files = (
			);
			runOnlyForDeploymentPostprocessing = 0;
		};
		A9E4770F2BE7189700592DF3 /* Frameworks */ = {
			isa = PBXFrameworksBuildPhase;
			buildActionMask = 2147483647;
			files = (
			);
			runOnlyForDeploymentPostprocessing = 0;
		};
/* End PBXFrameworksBuildPhase section */

/* Begin PBXGroup section */
		A9E476EF2BE7189600592DF3 = {
			isa = PBXGroup;
			children = (
				A9E476FA2BE7189600592DF3 /* iShop */,
				A9E4770B2BE7189700592DF3 /* iShopTests */,
				A9E477152BE7189700592DF3 /* iShopUITests */,
				A9E476F92BE7189600592DF3 /* Products */,
			);
			sourceTree = "<group>";
		};
		A9E476F92BE7189600592DF3 /* Products */ = {
			isa = PBXGroup;
			children = (
				A9E476F82BE7189600592DF3 /* iShop.app */,
				A9E477082BE7189700592DF3 /* iShopTests.xctest */,
				A9E477122BE7189700592DF3 /* iShopUITests.xctest */,
			);
			name = Products;
			sourceTree = "<group>";
		};
		A9E476FA2BE7189600592DF3 /* iShop */ = {
			isa = PBXGroup;
			children = (
				A9E476FB2BE7189600592DF3 /* iShopApp.swift */,
				A9E476FD2BE7189600592DF3 /* ContentView.swift */,
				A9E476FF2BE7189700592DF3 /* Assets.xcassets */,
				A9E477012BE7189700592DF3 /* Preview Content */,
			);
			path = iShop;
			sourceTree = "<group>";
		};
		A9E477012BE7189700592DF3 /* Preview Content */ = {
			isa = PBXGroup;
			children = (
				A9E477022BE7189700592DF3 /* Preview Assets.xcassets */,
			);
			path = "Preview Content";
			sourceTree = "<group>";
		};
		A9E4770B2BE7189700592DF3 /* iShopTests */ = {
			isa = PBXGroup;
			children = (
				A9E4770C2BE7189700592DF3 /* iShopTests.swift */,
			);
			path = iShopTests;
			sourceTree = "<group>";
		};
		A9E477152BE7189700592DF3 /* iShopUITests */ = {
			isa = PBXGroup;
			children = (
				A9E477162BE7189700592DF3 /* iShopUITests.swift */,
				A9E477182BE7189700592DF3 /* iShopUITestsLaunchTests.swift */,
			);
			path = iShopUITests;
			sourceTree = "<group>";
		};
/* End PBXGroup section */

/* Begin PBXNativeTarget section */
		A9E476F72BE7189600592DF3 /* iShop */ = {
			isa = PBXNativeTarget;
			buildConfigurationList = A9E4771C2BE7189700592DF3 /* Build configuration list for PBXNativeTarget "iShop" */;
			buildPhases = (
				A9E476F42BE7189600592DF3 /* Sources */,
				A9E476F52BE7189600592DF3 /* Frameworks */,
				A9E476F62BE7189600592DF3 /* Resources */,
			);
			buildRules = (
			);
			dependencies = (
			);
			name = iShop;
			productName = iShop;
			productReference = A9E476F82BE7189600592DF3 /* iShop.app */;
			productType = "com.apple.product-type.application";
		};
		A9E477072BE7189700592DF3 /* iShopTests */ = {
			isa = PBXNativeTarget;
			buildConfigurationList = A9E4771F2BE7189700592DF3 /* Build configuration list for PBXNativeTarget "iShopTests" */;
			buildPhases = (
				A9E477042BE7189700592DF3 /* Sources */,
				A9E477052BE7189700592DF3 /* Frameworks */,
				A9E477062BE7189700592DF3 /* Resources */,
			);
			buildRules = (
			);
			dependencies = (
				A9E4770A2BE7189700592DF3 /* PBXTargetDependency */,
			);
			name = iShopTests;
			productName = iShopTests;
			productReference = A9E477082BE7189700592DF3 /* iShopTests.xctest */;
			productType = "com.apple.product-type.bundle.unit-test";
		};
		A9E477112BE7189700592DF3 /* iShopUITests */ = {
			isa = PBXNativeTarget;
			buildConfigurationList = A9E477222BE7189700592DF3 /* Build configuration list for PBXNativeTarget "iShopUITests" */;
			buildPhases = (
				A9E4770E2BE7189700592DF3 /* Sources */,
				A9E4770F2BE7189700592DF3 /* Frameworks */,
				A9E477102BE7189700592DF3 /* Resources */,
			);
			buildRules = (
			);
			dependencies = (
				A9E477142BE7189700592DF3 /* PBXTargetDependency */,
			);
			name = iShopUITests;
			productName = iShopUITests;
			productReference = A9E477122BE7189700592DF3 /* iShopUITests.xctest */;
			productType = "com.apple.product-type.bundle.ui-testing";
		};
/* End PBXNativeTarget section */

/* Begin PBXProject section */
		A9E476F02BE7189600592DF3 /* Project object */ = {
			isa = PBXProject;
			attributes = {
				BuildIndependentTargetsInParallel = 1;
				LastSwiftUpdateCheck = 1530;
				LastUpgradeCheck = 1530;
				TargetAttributes = {
					A9E476F72BE7189600592DF3 = {
						CreatedOnToolsVersion = 15.3;
					};
					A9E477072BE7189700592DF3 = {
						CreatedOnToolsVersion = 15.3;
						TestTargetID = A9E476F72BE7189600592DF3;
					};
					A9E477112BE7189700592DF3 = {
						CreatedOnToolsVersion = 15.3;
						TestTargetID = A9E476F72BE7189600592DF3;
					};
				};
			};
			buildConfigurationList = A9E476F32BE7189600592DF3 /* Build configuration list for PBXProject "iShop" */;
			compatibilityVersion = "Xcode 14.0";
			developmentRegion = en;
			hasScannedForEncodings = 0;
			knownRegions = (
				en,
				Base,
			);
			mainGroup = A9E476EF2BE7189600592DF3;
			productRefGroup = A9E476F92BE7189600592DF3 /* Products */;
			projectDirPath = "";
			projectRoot = "";
			targets = (
				A9E476F72BE7189600592DF3 /* iShop */,
				A9E477072BE7189700592DF3 /* iShopTests */,
				A9E477112BE7189700592DF3 /* iShopUITests */,
			);
		};
/* End PBXProject section */

/* Begin PBXResourcesBuildPhase section */
		A9E476F62BE7189600592DF3 /* Resources */ = {
			isa = PBXResourcesBuildPhase;
			buildActionMask = 2147483647;
			files = (
				A9E477032BE7189700592DF3 /* Preview Assets.xcassets in Resources */,
				A9E477002BE7189700592DF3 /* Assets.xcassets in Resources */,
			);
			runOnlyForDeploymentPostprocessing = 0;
		};
		A9E477062BE7189700592DF3 /* Resources */ = {
			isa = PBXResourcesBuildPhase;
			buildActionMask = 2147483647;
			files = (
			);
			runOnlyForDeploymentPostprocessing = 0;
		};
		A9E477102BE7189700592DF3 /* Resources */ = {
			isa = PBXResourcesBuildPhase;
			buildActionMask = 2147483647;
			files = (
			);
			runOnlyForDeploymentPostprocessing = 0;
		};
/* End PBXResourcesBuildPhase section */

/* Begin PBXSourcesBuildPhase section */
		A9E476F42BE7189600592DF3 /* Sources */ = {
			isa = PBXSourcesBuildPhase;
			buildActionMask = 2147483647;
			files = (
				A9E476FE2BE7189600592DF3 /* ContentView.swift in Sources */,
				A9E476FC2BE7189600592DF3 /* iShopApp.swift in Sources */,
			);
			runOnlyForDeploymentPostprocessing = 0;
		};
		A9E477042BE7189700592DF3 /* Sources */ = {
			isa = PBXSourcesBuildPhase;
			buildActionMask = 2147483647;
			files = (
				A9E4770D2BE7189700592DF3 /* iShopTests.swift in Sources */,
			);
			runOnlyForDeploymentPostprocessing = 0;
		};
		A9E4770E2BE7189700592DF3 /* Sources */ = {
			isa = PBXSourcesBuildPhase;
			buildActionMask = 2147483647;
			files = (
				A9E477192BE7189700592DF3 /* iShopUITestsLaunchTests.swift in Sources */,
				A9E477172BE7189700592DF3 /* iShopUITests.swift in Sources */,
			);
			runOnlyForDeploymentPostprocessing = 0;
		};
/* End PBXSourcesBuildPhase section */

/* Begin PBXTargetDependency section */
		A9E4770A2BE7189700592DF3 /* PBXTargetDependency */ = {
			isa = PBXTargetDependency;
			target = A9E476F72BE7189600592DF3 /* iShop */;
			targetProxy = A9E477092BE7189700592DF3 /* PBXContainerItemProxy */;
		};
		A9E477142BE7189700592DF3 /* PBXTargetDependency */ = {
			isa = PBXTargetDependency;
			target = A9E476F72BE7189600592DF3 /* iShop */;
			targetProxy = A9E477132BE7189700592DF3 /* PBXContainerItemProxy */;
		};
/* End PBXTargetDependency section */

/* Begin XCBuildConfiguration section */
		A9E4771A2BE7189700592DF3 /* Debug */ = {
			isa = XCBuildConfiguration;
			buildSettings = {
				ALWAYS_SEARCH_USER_PATHS = NO;
				ASSETCATALOG_COMPILER_GENERATE_SWIFT_ASSET_SYMBOL_EXTENSIONS = YES;
				CLANG_ANALYZER_NONNULL = YES;
				CLANG_ANALYZER_NUMBER_OBJECT_CONVERSION = YES_AGGRESSIVE;
				CLANG_CXX_LANGUAGE_STANDARD = "gnu++20";
				CLANG_ENABLE_MODULES = YES;
				CLANG_ENABLE_OBJC_ARC = YES;
				CLANG_ENABLE_OBJC_WEAK = YES;
				CLANG_WARN_BLOCK_CAPTURE_AUTORELEASING = YES;
				CLANG_WARN_BOOL_CONVERSION = YES;
				CLANG_WARN_COMMA = YES;
				CLANG_WARN_CONSTANT_CONVERSION = YES;
				CLANG_WARN_DEPRECATED_OBJC_IMPLEMENTATIONS = YES;
				CLANG_WARN_DIRECT_OBJC_ISA_USAGE = YES_ERROR;
				CLANG_WARN_DOCUMENTATION_COMMENTS = YES;
				CLANG_WARN_EMPTY_BODY = YES;
				CLANG_WARN_ENUM_CONVERSION = YES;
				CLANG_WARN_INFINITE_RECURSION = YES;
				CLANG_WARN_INT_CONVERSION = YES;
				CLANG_WARN_NON_LITERAL_NULL_CONVERSION = YES;
				CLANG_WARN_OBJC_IMPLICIT_RETAIN_SELF = YES;
				CLANG_WARN_OBJC_LITERAL_CONVERSION = YES;
				CLANG_WARN_OBJC_ROOT_CLASS = YES_ERROR;
				CLANG_WARN_QUOTED_INCLUDE_IN_FRAMEWORK_HEADER = YES;
				CLANG_WARN_RANGE_LOOP_ANALYSIS = YES;
				CLANG_WARN_STRICT_PROTOTYPES = YES;
				CLANG_WARN_SUSPICIOUS_MOVE = YES;
				CLANG_WARN_UNGUARDED_AVAILABILITY = YES_AGGRESSIVE;
				CLANG_WARN_UNREACHABLE_CODE = YES;
				CLANG_WARN__DUPLICATE_METHOD_MATCH = YES;
				COPY_PHASE_STRIP = NO;
				DEBUG_INFORMATION_FORMAT = dwarf;
				ENABLE_STRICT_OBJC_MSGSEND = YES;
				ENABLE_TESTABILITY = YES;
				ENABLE_USER_SCRIPT_SANDBOXING = YES;
				GCC_C_LANGUAGE_STANDARD = gnu17;
				GCC_DYNAMIC_NO_PIC = NO;
				GCC_NO_COMMON_BLOCKS = YES;
				GCC_OPTIMIZATION_LEVEL = 0;
				GCC_PREPROCESSOR_DEFINITIONS = (
					"DEBUG=1",
					"$(inherited)",
				);
				GCC_WARN_64_TO_32_BIT_CONVERSION = YES;
				GCC_WARN_ABOUT_RETURN_TYPE = YES_ERROR;
				GCC_WARN_UNDECLARED_SELECTOR = YES;
				GCC_WARN_UNINITIALIZED_AUTOS = YES_AGGRESSIVE;
				GCC_WARN_UNUSED_FUNCTION = YES;
				GCC_WARN_UNUSED_VARIABLE = YES;
				IPHONEOS_DEPLOYMENT_TARGET = 17.4;
				LOCALIZATION_PREFERS_STRING_CATALOGS = YES;
				MTL_ENABLE_DEBUG_INFO = INCLUDE_SOURCE;
				MTL_FAST_MATH = YES;
				ONLY_ACTIVE_ARCH = YES;
				SDKROOT = iphoneos;
				SWIFT_ACTIVE_COMPILATION_CONDITIONS = "DEBUG $(inherited)";
				SWIFT_OPTIMIZATION_LEVEL = "-Onone";
			};
			name = Debug;
		};
		A9E4771B2BE7189700592DF3 /* Release */ = {
			isa = XCBuildConfiguration;
			buildSettings = {
				ALWAYS_SEARCH_USER_PATHS = NO;
				ASSETCATALOG_COMPILER_GENERATE_SWIFT_ASSET_SYMBOL_EXTENSIONS = YES;
				CLANG_ANALYZER_NONNULL = YES;
				CLANG_ANALYZER_NUMBER_OBJECT_CONVERSION = YES_AGGRESSIVE;
				CLANG_CXX_LANGUAGE_STANDARD = "gnu++20";
				CLANG_ENABLE_MODULES = YES;
				CLANG_ENABLE_OBJC_ARC = YES;
				CLANG_ENABLE_OBJC_WEAK = YES;
				CLANG_WARN_BLOCK_CAPTURE_AUTORELEASING = YES;
				CLANG_WARN_BOOL_CONVERSION = YES;
				CLANG_WARN_COMMA = YES;
				CLANG_WARN_CONSTANT_CONVERSION = YES;
				CLANG_WARN_DEPRECATED_OBJC_IMPLEMENTATIONS = YES;
				CLANG_WARN_DIRECT_OBJC_ISA_USAGE = YES_ERROR;
				CLANG_WARN_DOCUMENTATION_COMMENTS = YES;
				CLANG_WARN_EMPTY_BODY = YES;
				CLANG_WARN_ENUM_CONVERSION = YES;
				CLANG_WARN_INFINITE_RECURSION = YES;
				CLANG_WARN_INT_CONVERSION = YES;
				CLANG_WARN_NON_LITERAL_NULL_CONVERSION = YES;
				CLANG_WARN_OBJC_IMPLICIT_RETAIN_SELF = YES;
				CLANG_WARN_OBJC_LITERAL_CONVERSION = YES;
				CLANG_WARN_OBJC_ROOT_CLASS = YES_ERROR;
				CLANG_WARN_QUOTED_INCLUDE_IN_FRAMEWORK_HEADER = YES;
				CLANG_WARN_RANGE_LOOP_ANALYSIS = YES;
				CLANG_WARN_STRICT_PROTOTYPES = YES;
				CLANG_WARN_SUSPICIOUS_MOVE = YES;
				CLANG_WARN_UNGUARDED_AVAILABILITY = YES_AGGRESSIVE;
				CLANG_WARN_UNREACHABLE_CODE = YES;
				CLANG_WARN__DUPLICATE_METHOD_MATCH = YES;
				COPY_PHASE_STRIP = NO;
				DEBUG_INFORMATION_FORMAT = "dwarf-with-dsym";
				ENABLE_NS_ASSERTIONS = NO;
				ENABLE_STRICT_OBJC_MSGSEND = YES;
				ENABLE_USER_SCRIPT_SANDBOXING = YES;
				GCC_C_LANGUAGE_STANDARD = gnu17;
				GCC_NO_COMMON_BLOCKS = YES;
				GCC_WARN_64_TO_32_BIT_CONVERSION = YES;
				GCC_WARN_ABOUT_RETURN_TYPE = YES_ERROR;
				GCC_WARN_UNDECLARED_SELECTOR = YES;
				GCC_WARN_UNINITIALIZED_AUTOS = YES_AGGRESSIVE;
				GCC_WARN_UNUSED_FUNCTION = YES;
				GCC_WARN_UNUSED_VARIABLE = YES;
				IPHONEOS_DEPLOYMENT_TARGET = 17.4;
				LOCALIZATION_PREFERS_STRING_CATALOGS = YES;
				MTL_ENABLE_DEBUG_INFO = NO;
				MTL_FAST_MATH = YES;
				SDKROOT = iphoneos;
				SWIFT_COMPILATION_MODE = wholemodule;
				VALIDATE_PRODUCT = YES;
			};
			name = Release;
		};
		A9E4771D2BE7189700592DF3 /* Debug */ = {
			isa = XCBuildConfiguration;
			buildSettings = {
				ASSETCATALOG_COMPILER_APPICON_NAME = AppIcon;
				ASSETCATALOG_COMPILER_GLOBAL_ACCENT_COLOR_NAME = AccentColor;
				CODE_SIGN_STYLE = Automatic;
				CURRENT_PROJECT_VERSION = 1;
				DEVELOPMENT_ASSET_PATHS = "\"iShop/Preview Content\"";
				ENABLE_PREVIEWS = YES;
				GENERATE_INFOPLIST_FILE = YES;
				INFOPLIST_KEY_UIApplicationSceneManifest_Generation = YES;
				INFOPLIST_KEY_UIApplicationSupportsIndirectInputEvents = YES;
				INFOPLIST_KEY_UILaunchScreen_Generation = YES;
				INFOPLIST_KEY_UISupportedInterfaceOrientations_iPad = "UIInterfaceOrientationPortrait UIInterfaceOrientationPortraitUpsideDown UIInterfaceOrientationLandscapeLeft UIInterfaceOrientationLandscapeRight";
				INFOPLIST_KEY_UISupportedInterfaceOrientations_iPhone = "UIInterfaceOrientationPortrait UIInterfaceOrientationLandscapeLeft UIInterfaceOrientationLandscapeRight";
				LD_RUNPATH_SEARCH_PATHS = (
					"$(inherited)",
					"@executable_path/Frameworks",
				);
				MARKETING_VERSION = 1.0;
				PRODUCT_BUNDLE_IDENTIFIER = com.grodriguez.iShop;
				PRODUCT_NAME = "$(TARGET_NAME)";
				SUPPORTED_PLATFORMS = "iphoneos iphonesimulator";
				SUPPORTS_MACCATALYST = NO;
				SUPPORTS_MAC_DESIGNED_FOR_IPHONE_IPAD = NO;
				SUPPORTS_XR_DESIGNED_FOR_IPHONE_IPAD = NO;
				SWIFT_EMIT_LOC_STRINGS = YES;
				SWIFT_VERSION = 5.0;
				TARGETED_DEVICE_FAMILY = 1;
			};
			name = Debug;
		};
		A9E4771E2BE7189700592DF3 /* Release */ = {
			isa = XCBuildConfiguration;
			buildSettings = {
				ASSETCATALOG_COMPILER_APPICON_NAME = AppIcon;
				ASSETCATALOG_COMPILER_GLOBAL_ACCENT_COLOR_NAME = AccentColor;
				CODE_SIGN_STYLE = Automatic;
				CURRENT_PROJECT_VERSION = 1;
				DEVELOPMENT_ASSET_PATHS = "\"iShop/Preview Content\"";
				ENABLE_PREVIEWS = YES;
				GENERATE_INFOPLIST_FILE = YES;
				INFOPLIST_KEY_UIApplicationSceneManifest_Generation = YES;
				INFOPLIST_KEY_UIApplicationSupportsIndirectInputEvents = YES;
				INFOPLIST_KEY_UILaunchScreen_Generation = YES;
				INFOPLIST_KEY_UISupportedInterfaceOrientations_iPad = "UIInterfaceOrientationPortrait UIInterfaceOrientationPortraitUpsideDown UIInterfaceOrientationLandscapeLeft UIInterfaceOrientationLandscapeRight";
				INFOPLIST_KEY_UISupportedInterfaceOrientations_iPhone = "UIInterfaceOrientationPortrait UIInterfaceOrientationLandscapeLeft UIInterfaceOrientationLandscapeRight";
				LD_RUNPATH_SEARCH_PATHS = (
					"$(inherited)",
					"@executable_path/Frameworks",
				);
				MARKETING_VERSION = 1.0;
				PRODUCT_BUNDLE_IDENTIFIER = com.grodriguez.iShop;
				PRODUCT_NAME = "$(TARGET_NAME)";
				SUPPORTED_PLATFORMS = "iphoneos iphonesimulator";
				SUPPORTS_MACCATALYST = NO;
				SUPPORTS_MAC_DESIGNED_FOR_IPHONE_IPAD = NO;
				SUPPORTS_XR_DESIGNED_FOR_IPHONE_IPAD = NO;
				SWIFT_EMIT_LOC_STRINGS = YES;
				SWIFT_VERSION = 5.0;
				TARGETED_DEVICE_FAMILY = 1;
			};
			name = Release;
		};
		A9E477202BE7189700592DF3 /* Debug */ = {
			isa = XCBuildConfiguration;
			buildSettings = {
				ALWAYS_EMBED_SWIFT_STANDARD_LIBRARIES = YES;
				BUNDLE_LOADER = "$(TEST_HOST)";
				CODE_SIGN_STYLE = Automatic;
				CURRENT_PROJECT_VERSION = 1;
				GENERATE_INFOPLIST_FILE = YES;
				IPHONEOS_DEPLOYMENT_TARGET = 17.4;
				MARKETING_VERSION = 1.0;
				PRODUCT_BUNDLE_IDENTIFIER = com.grodriguez.iShopTests;
				PRODUCT_NAME = "$(TARGET_NAME)";
				SWIFT_EMIT_LOC_STRINGS = NO;
				SWIFT_VERSION = 5.0;
				TARGETED_DEVICE_FAMILY = "1,2";
				TEST_HOST = "$(BUILT_PRODUCTS_DIR)/iShop.app/$(BUNDLE_EXECUTABLE_FOLDER_PATH)/iShop";
			};
			name = Debug;
		};
		A9E477212BE7189700592DF3 /* Release */ = {
			isa = XCBuildConfiguration;
			buildSettings = {
				ALWAYS_EMBED_SWIFT_STANDARD_LIBRARIES = YES;
				BUNDLE_LOADER = "$(TEST_HOST)";
				CODE_SIGN_STYLE = Automatic;
				CURRENT_PROJECT_VERSION = 1;
				GENERATE_INFOPLIST_FILE = YES;
				IPHONEOS_DEPLOYMENT_TARGET = 17.4;
				MARKETING_VERSION = 1.0;
				PRODUCT_BUNDLE_IDENTIFIER = com.grodriguez.iShopTests;
				PRODUCT_NAME = "$(TARGET_NAME)";
				SWIFT_EMIT_LOC_STRINGS = NO;
				SWIFT_VERSION = 5.0;
				TARGETED_DEVICE_FAMILY = "1,2";
				TEST_HOST = "$(BUILT_PRODUCTS_DIR)/iShop.app/$(BUNDLE_EXECUTABLE_FOLDER_PATH)/iShop";
			};
			name = Release;
		};
		A9E477232BE7189700592DF3 /* Debug */ = {
			isa = XCBuildConfiguration;
			buildSettings = {
				ALWAYS_EMBED_SWIFT_STANDARD_LIBRARIES = YES;
				CODE_SIGN_STYLE = Automatic;
				CURRENT_PROJECT_VERSION = 1;
				GENERATE_INFOPLIST_FILE = YES;
				MARKETING_VERSION = 1.0;
				PRODUCT_BUNDLE_IDENTIFIER = com.grodriguez.iShopUITests;
				PRODUCT_NAME = "$(TARGET_NAME)";
				SWIFT_EMIT_LOC_STRINGS = NO;
				SWIFT_VERSION = 5.0;
				TARGETED_DEVICE_FAMILY = "1,2";
				TEST_TARGET_NAME = iShop;
			};
			name = Debug;
		};
		A9E477242BE7189700592DF3 /* Release */ = {
			isa = XCBuildConfiguration;
			buildSettings = {
				ALWAYS_EMBED_SWIFT_STANDARD_LIBRARIES = YES;
				CODE_SIGN_STYLE = Automatic;
				CURRENT_PROJECT_VERSION = 1;
				GENERATE_INFOPLIST_FILE = YES;
				MARKETING_VERSION = 1.0;
				PRODUCT_BUNDLE_IDENTIFIER = com.grodriguez.iShopUITests;
				PRODUCT_NAME = "$(TARGET_NAME)";
				SWIFT_EMIT_LOC_STRINGS = NO;
				SWIFT_VERSION = 5.0;
				TARGETED_DEVICE_FAMILY = "1,2";
				TEST_TARGET_NAME = iShop;
			};
			name = Release;
		};
/* End XCBuildConfiguration section */

/* Begin XCConfigurationList section */
		A9E476F32BE7189600592DF3 /* Build configuration list for PBXProject "iShop" */ = {
			isa = XCConfigurationList;
			buildConfigurations = (
				A9E4771A2BE7189700592DF3 /* Debug */,
				A9E4771B2BE7189700592DF3 /* Release */,
			);
			defaultConfigurationIsVisible = 0;
			defaultConfigurationName = Release;
		};
		A9E4771C2BE7189700592DF3 /* Build configuration list for PBXNativeTarget "iShop" */ = {
			isa = XCConfigurationList;
			buildConfigurations = (
				A9E4771D2BE7189700592DF3 /* Debug */,
				A9E4771E2BE7189700592DF3 /* Release */,
			);
			defaultConfigurationIsVisible = 0;
			defaultConfigurationName = Release;
		};
		A9E4771F2BE7189700592DF3 /* Build configuration list for PBXNativeTarget "iShopTests" */ = {
			isa = XCConfigurationList;
			buildConfigurations = (
				A9E477202BE7189700592DF3 /* Debug */,
				A9E477212BE7189700592DF3 /* Release */,
			);
			defaultConfigurationIsVisible = 0;
			defaultConfigurationName = Release;
		};
		A9E477222BE7189700592DF3 /* Build configuration list for PBXNativeTarget "iShopUITests" */ = {
			isa = XCConfigurationList;
			buildConfigurations = (
				A9E477232BE7189700592DF3 /* Debug */,
				A9E477242BE7189700592DF3 /* Release */,
			);
			defaultConfigurationIsVisible = 0;
			defaultConfigurationName = Release;
		};
/* End XCConfigurationList section */
	};
	rootObject = A9E476F02BE7189600592DF3 /* Project object */;
}
